
Microsoft Visual Studio Solution File, Format Version 12.00
# Visual Studio Version 17
VisualStudioVersion = 17.0.31912.275
MinimumVisualStudioVersion = 10.0.40219.1
Project("{FAE04EC0-301F-11D3-BF4B-00C04F79EFBC}") = "Programming", "Programming\Programming.csproj", "{2717D581-0BBE-4EAB-A69B-B857FB96DAB3}"
EndProject
Global
	GlobalSection(SolutionConfigurationPlatforms) = preSolution
		Debug|Any CPU = Debug|Any CPU
		Release|Any CPU = Release|Any CPU
	EndGlobalSection
	GlobalSection(ProjectConfigurationPlatforms) = postSolution
		{2717D581-0BBE-4EAB-A69B-B857FB96DAB3}.Debug|Any CPU.ActiveCfg = Debug|Any CPU
		{2717D581-0BBE-4EAB-A69B-B857FB96DAB3}.Debug|Any CPU.Build.0 = Debug|Any CPU
		{2717D581-0BBE-4EAB-A69B-B857FB96DAB3}.Release|Any CPU.ActiveCfg = Release|Any CPU
		{2717D581-0BBE-4EAB-A69B-B857FB96DAB3}.Release|Any CPU.Build.0 = Release|Any CPU
	EndGlobalSection
	GlobalSection(SolutionProperties) = preSolution
		HideSolutionNode = FALSE
	EndGlobalSection
	GlobalSection(ExtensibilityGlobals) = postSolution
		SolutionGuid = {B31467FD-420E-4EF3-B90B-9A562AF8E1DE}
	EndGlobalSection
EndGlobal
